
Microsoft Visual Studio Solution File, Format Version 12.00
# Visual Studio Version 16
VisualStudioVersion = 16.0.32126.315
MinimumVisualStudioVersion = 10.0.40219.1
Project("{D954291E-2A0B-460D-934E-DC6B0785DB48}") = "VerbuvoTools.Shared", "VerbuvoTools\VerbuvoTools.Shared\VerbuvoTools.Shared.shproj", "{6279C845-92F8-4333-AB99-3D213163593C}"
EndProject
Project("{2150E333-8FDC-42A3-9474-1A3956D46DE8}") = "Platforms", "Platforms", "{3CA7D9A8-DC44-434B-8D13-627934EF01A4}"
EndProject
Project("{FAE04EC0-301F-11D3-BF4B-00C04F79EFBC}") = "VerbuvoTools.Droid", "VerbuvoTools\VerbuvoTools.Droid\VerbuvoTools.Droid.csproj", "{06FC2B6F-DEBF-43C9-940F-D54D3092ECEA}"
EndProject
Project("{FAE04EC0-301F-11D3-BF4B-00C04F79EFBC}") = "VerbuvoTools.iOS", "VerbuvoTools\VerbuvoTools.iOS\VerbuvoTools.iOS.csproj", "{A13A0649-0BB7-4B3F-8EF2-6D97F23731FD}"
EndProject
Project("{FAE04EC0-301F-11D3-BF4B-00C04F79EFBC}") = "VerbuvoTools.UWP", "VerbuvoTools\VerbuvoTools.UWP\VerbuvoTools.UWP.csproj", "{8ECDA5CD-EF8B-4262-BDAE-7AFB475F95A3}"
EndProject
Project("{9A19103F-16F7-4668-BE54-9A1E7A4F7556}") = "VerbuvoTools.Wasm", "VerbuvoTools\VerbuvoTools.Wasm\VerbuvoTools.Wasm.csproj", "{30E1FA90-B217-4020-88A8-67CF6A521C47}"
EndProject
Project("{FAE04EC0-301F-11D3-BF4B-00C04F79EFBC}") = "VerbuvoTools.macOS", "VerbuvoTools\VerbuvoTools.macOS\VerbuvoTools.macOS.csproj", "{DEFE3B2B-62BF-48D9-A035-BC3B6685C512}"
EndProject
Project("{9A19103F-16F7-4668-BE54-9A1E7A4F7556}") = "VerbuvoTools.Skia.Wpf.Host", "VerbuvoTools\VerbuvoTools.Skia.Wpf.Host\VerbuvoTools.Skia.Wpf.Host.csproj", "{F71CAFEC-206C-486A-96FA-97546726EDC4}"
EndProject
Project("{9A19103F-16F7-4668-BE54-9A1E7A4F7556}") = "VerbuvoTools.Skia.Wpf", "VerbuvoTools\VerbuvoTools.Skia.Wpf\VerbuvoTools.Skia.Wpf.csproj", "{CA7181D6-BC4B-43AC-A9AD-089196165740}"
EndProject
Project("{9A19103F-16F7-4668-BE54-9A1E7A4F7556}") = "VerbuvoTools.Skia.Gtk", "VerbuvoTools\VerbuvoTools.Skia.Gtk\VerbuvoTools.Skia.Gtk.csproj", "{9E9C5EA3-AB89-440C-8C25-620BC01651A0}"
EndProject
Global
	GlobalSection(SharedMSBuildProjectFiles) = preSolution
		VerbuvoTools\VerbuvoTools.Shared\VerbuvoTools.Shared.projitems*{06fc2b6f-debf-43c9-940f-d54d3092ecea}*SharedItemsImports = 4
		VerbuvoTools\VerbuvoTools.Shared\VerbuvoTools.Shared.projitems*{30e1fa90-b217-4020-88a8-67cf6a521c47}*SharedItemsImports = 5
		VerbuvoTools\VerbuvoTools.Shared\VerbuvoTools.Shared.projitems*{8ecda5cd-ef8b-4262-bdae-7afb475f95a3}*SharedItemsImports = 4
		VerbuvoTools\VerbuvoTools.Shared\VerbuvoTools.Shared.projitems*{9e9c5ea3-ab89-440c-8c25-620bc01651a0}*SharedItemsImports = 5
		VerbuvoTools\VerbuvoTools.Shared\VerbuvoTools.Shared.projitems*{a13a0649-0bb7-4b3f-8ef2-6d97f23731fd}*SharedItemsImports = 4
		VerbuvoTools\VerbuvoTools.Shared\VerbuvoTools.Shared.projitems*{ca7181d6-bc4b-43ac-a9ad-089196165740}*SharedItemsImports = 5
		VerbuvoTools\VerbuvoTools.Shared\VerbuvoTools.Shared.projitems*{defe3b2b-62bf-48d9-a035-bc3b6685c512}*SharedItemsImports = 4
	EndGlobalSection
	GlobalSection(SolutionConfigurationPlatforms) = preSolution
		Ad-Hoc|Any CPU = Ad-Hoc|Any CPU
		Ad-Hoc|ARM = Ad-Hoc|ARM
		Ad-Hoc|ARM64 = Ad-Hoc|ARM64
		Ad-Hoc|iPhone = Ad-Hoc|iPhone
		Ad-Hoc|iPhoneSimulator = Ad-Hoc|iPhoneSimulator
		Ad-Hoc|x64 = Ad-Hoc|x64
		Ad-Hoc|x86 = Ad-Hoc|x86
		AppStore|Any CPU = AppStore|Any CPU
		AppStore|ARM = AppStore|ARM
		AppStore|ARM64 = AppStore|ARM64
		AppStore|iPhone = AppStore|iPhone
		AppStore|iPhoneSimulator = AppStore|iPhoneSimulator
		AppStore|x64 = AppStore|x64
		AppStore|x86 = AppStore|x86
		Debug|Any CPU = Debug|Any CPU
		Debug|ARM = Debug|ARM
		Debug|ARM64 = Debug|ARM64
		Debug|iPhone = Debug|iPhone
		Debug|iPhoneSimulator = Debug|iPhoneSimulator
		Debug|x64 = Debug|x64
		Debug|x86 = Debug|x86
		Release|Any CPU = Release|Any CPU
		Release|ARM = Release|ARM
		Release|ARM64 = Release|ARM64
		Release|iPhone = Release|iPhone
		Release|iPhoneSimulator = Release|iPhoneSimulator
		Release|x64 = Release|x64
		Release|x86 = Release|x86
	EndGlobalSection
	GlobalSection(ProjectConfigurationPlatforms) = postSolution
		{06FC2B6F-DEBF-43C9-940F-D54D3092ECEA}.Ad-Hoc|Any CPU.ActiveCfg = Debug|Any CPU
		{06FC2B6F-DEBF-43C9-940F-D54D3092ECEA}.Ad-Hoc|Any CPU.Build.0 = Debug|Any CPU
		{06FC2B6F-DEBF-43C9-940F-D54D3092ECEA}.Ad-Hoc|Any CPU.Deploy.0 = Debug|Any CPU
		{06FC2B6F-DEBF-43C9-940F-D54D3092ECEA}.Ad-Hoc|ARM.ActiveCfg = Debug|Any CPU
		{06FC2B6F-DEBF-43C9-940F-D54D3092ECEA}.Ad-Hoc|ARM.Build.0 = Debug|Any CPU
		{06FC2B6F-DEBF-43C9-940F-D54D3092ECEA}.Ad-Hoc|ARM.Deploy.0 = Debug|Any CPU
		{06FC2B6F-DEBF-43C9-940F-D54D3092ECEA}.Ad-Hoc|ARM64.ActiveCfg = Debug|Any CPU
		{06FC2B6F-DEBF-43C9-940F-D54D3092ECEA}.Ad-Hoc|ARM64.Build.0 = Debug|Any CPU
		{06FC2B6F-DEBF-43C9-940F-D54D3092ECEA}.Ad-Hoc|ARM64.Deploy.0 = Debug|Any CPU
		{06FC2B6F-DEBF-43C9-940F-D54D3092ECEA}.Ad-Hoc|iPhone.ActiveCfg = Debug|Any CPU
		{06FC2B6F-DEBF-43C9-940F-D54D3092ECEA}.Ad-Hoc|iPhone.Build.0 = Debug|Any CPU
		{06FC2B6F-DEBF-43C9-940F-D54D3092ECEA}.Ad-Hoc|iPhone.Deploy.0 = Debug|Any CPU
		{06FC2B6F-DEBF-43C9-940F-D54D3092ECEA}.Ad-Hoc|iPhoneSimulator.ActiveCfg = Debug|Any CPU
		{06FC2B6F-DEBF-43C9-940F-D54D3092ECEA}.Ad-Hoc|iPhoneSimulator.Build.0 = Debug|Any CPU
		{06FC2B6F-DEBF-43C9-940F-D54D3092ECEA}.Ad-Hoc|iPhoneSimulator.Deploy.0 = Debug|Any CPU
		{06FC2B6F-DEBF-43C9-940F-D54D3092ECEA}.Ad-Hoc|x64.ActiveCfg = Debug|Any CPU
		{06FC2B6F-DEBF-43C9-940F-D54D3092ECEA}.Ad-Hoc|x64.Build.0 = Debug|Any CPU
		{06FC2B6F-DEBF-43C9-940F-D54D3092ECEA}.Ad-Hoc|x64.Deploy.0 = Debug|Any CPU
		{06FC2B6F-DEBF-43C9-940F-D54D3092ECEA}.Ad-Hoc|x86.ActiveCfg = Debug|Any CPU
		{06FC2B6F-DEBF-43C9-940F-D54D3092ECEA}.Ad-Hoc|x86.Build.0 = Debug|Any CPU
		{06FC2B6F-DEBF-43C9-940F-D54D3092ECEA}.Ad-Hoc|x86.Deploy.0 = Debug|Any CPU
		{06FC2B6F-DEBF-43C9-940F-D54D3092ECEA}.AppStore|Any CPU.ActiveCfg = Debug|Any CPU
		{06FC2B6F-DEBF-43C9-940F-D54D3092ECEA}.AppStore|Any CPU.Build.0 = Debug|Any CPU
		{06FC2B6F-DEBF-43C9-940F-D54D3092ECEA}.AppStore|Any CPU.Deploy.0 = Debug|Any CPU
		{06FC2B6F-DEBF-43C9-940F-D54D3092ECEA}.AppStore|ARM.ActiveCfg = Debug|Any CPU
		{06FC2B6F-DEBF-43C9-940F-D54D3092ECEA}.AppStore|ARM.Build.0 = Debug|Any CPU
		{06FC2B6F-DEBF-43C9-940F-D54D3092ECEA}.AppStore|ARM.Deploy.0 = Debug|Any CPU
		{06FC2B6F-DEBF-43C9-940F-D54D3092ECEA}.AppStore|ARM64.ActiveCfg = Debug|Any CPU
		{06FC2B6F-DEBF-43C9-940F-D54D3092ECEA}.AppStore|ARM64.Build.0 = Debug|Any CPU
		{06FC2B6F-DEBF-43C9-940F-D54D3092ECEA}.AppStore|ARM64.Deploy.0 = Debug|Any CPU
		{06FC2B6F-DEBF-43C9-940F-D54D3092ECEA}.AppStore|iPhone.ActiveCfg = Debug|Any CPU
		{06FC2B6F-DEBF-43C9-940F-D54D3092ECEA}.AppStore|iPhone.Build.0 = Debug|Any CPU
		{06FC2B6F-DEBF-43C9-940F-D54D3092ECEA}.AppStore|iPhone.Deploy.0 = Debug|Any CPU
		{06FC2B6F-DEBF-43C9-940F-D54D3092ECEA}.AppStore|iPhoneSimulator.ActiveCfg = Debug|Any CPU
		{06FC2B6F-DEBF-43C9-940F-D54D3092ECEA}.AppStore|iPhoneSimulator.Build.0 = Debug|Any CPU
		{06FC2B6F-DEBF-43C9-940F-D54D3092ECEA}.AppStore|iPhoneSimulator.Deploy.0 = Debug|Any CPU
		{06FC2B6F-DEBF-43C9-940F-D54D3092ECEA}.AppStore|x64.ActiveCfg = Debug|Any CPU
		{06FC2B6F-DEBF-43C9-940F-D54D3092ECEA}.AppStore|x64.Build.0 = Debug|Any CPU
		{06FC2B6F-DEBF-43C9-940F-D54D3092ECEA}.AppStore|x64.Deploy.0 = Debug|Any CPU
		{06FC2B6F-DEBF-43C9-940F-D54D3092ECEA}.AppStore|x86.ActiveCfg = Debug|Any CPU
		{06FC2B6F-DEBF-43C9-940F-D54D3092ECEA}.AppStore|x86.Build.0 = Debug|Any CPU
		{06FC2B6F-DEBF-43C9-940F-D54D3092ECEA}.AppStore|x86.Deploy.0 = Debug|Any CPU
		{06FC2B6F-DEBF-43C9-940F-D54D3092ECEA}.Debug|Any CPU.ActiveCfg = Debug|Any CPU
		{06FC2B6F-DEBF-43C9-940F-D54D3092ECEA}.Debug|Any CPU.Build.0 = Debug|Any CPU
		{06FC2B6F-DEBF-43C9-940F-D54D3092ECEA}.Debug|Any CPU.Deploy.0 = Debug|Any CPU
		{06FC2B6F-DEBF-43C9-940F-D54D3092ECEA}.Debug|ARM.ActiveCfg = Debug|Any CPU
		{06FC2B6F-DEBF-43C9-940F-D54D3092ECEA}.Debug|ARM.Build.0 = Debug|Any CPU
		{06FC2B6F-DEBF-43C9-940F-D54D3092ECEA}.Debug|ARM.Deploy.0 = Debug|Any CPU
		{06FC2B6F-DEBF-43C9-940F-D54D3092ECEA}.Debug|ARM64.ActiveCfg = Debug|Any CPU
		{06FC2B6F-DEBF-43C9-940F-D54D3092ECEA}.Debug|ARM64.Build.0 = Debug|Any CPU
		{06FC2B6F-DEBF-43C9-940F-D54D3092ECEA}.Debug|ARM64.Deploy.0 = Debug|Any CPU
		{06FC2B6F-DEBF-43C9-940F-D54D3092ECEA}.Debug|iPhone.ActiveCfg = Debug|Any CPU
		{06FC2B6F-DEBF-43C9-940F-D54D3092ECEA}.Debug|iPhone.Build.0 = Debug|Any CPU
		{06FC2B6F-DEBF-43C9-940F-D54D3092ECEA}.Debug|iPhone.Deploy.0 = Debug|Any CPU
		{06FC2B6F-DEBF-43C9-940F-D54D3092ECEA}.Debug|iPhoneSimulator.ActiveCfg = Debug|Any CPU
		{06FC2B6F-DEBF-43C9-940F-D54D3092ECEA}.Debug|iPhoneSimulator.Build.0 = Debug|Any CPU
		{06FC2B6F-DEBF-43C9-940F-D54D3092ECEA}.Debug|iPhoneSimulator.Deploy.0 = Debug|Any CPU
		{06FC2B6F-DEBF-43C9-940F-D54D3092ECEA}.Debug|x64.ActiveCfg = Debug|Any CPU
		{06FC2B6F-DEBF-43C9-940F-D54D3092ECEA}.Debug|x64.Build.0 = Debug|Any CPU
		{06FC2B6F-DEBF-43C9-940F-D54D3092ECEA}.Debug|x64.Deploy.0 = Debug|Any CPU
		{06FC2B6F-DEBF-43C9-940F-D54D3092ECEA}.Debug|x86.ActiveCfg = Debug|Any CPU
		{06FC2B6F-DEBF-43C9-940F-D54D3092ECEA}.Debug|x86.Build.0 = Debug|Any CPU
		{06FC2B6F-DEBF-43C9-940F-D54D3092ECEA}.Debug|x86.Deploy.0 = Debug|Any CPU
		{06FC2B6F-DEBF-43C9-940F-D54D3092ECEA}.Release|Any CPU.ActiveCfg = Release|Any CPU
		{06FC2B6F-DEBF-43C9-940F-D54D3092ECEA}.Release|Any CPU.Build.0 = Release|Any CPU
		{06FC2B6F-DEBF-43C9-940F-D54D3092ECEA}.Release|Any CPU.Deploy.0 = Release|Any CPU
		{06FC2B6F-DEBF-43C9-940F-D54D3092ECEA}.Release|ARM.ActiveCfg = Release|Any CPU
		{06FC2B6F-DEBF-43C9-940F-D54D3092ECEA}.Release|ARM.Build.0 = Release|Any CPU
		{06FC2B6F-DEBF-43C9-940F-D54D3092ECEA}.Release|ARM.Deploy.0 = Release|Any CPU
		{06FC2B6F-DEBF-43C9-940F-D54D3092ECEA}.Release|ARM64.ActiveCfg = Release|Any CPU
		{06FC2B6F-DEBF-43C9-940F-D54D3092ECEA}.Release|ARM64.Build.0 = Release|Any CPU
		{06FC2B6F-DEBF-43C9-940F-D54D3092ECEA}.Release|ARM64.Deploy.0 = Release|Any CPU
		{06FC2B6F-DEBF-43C9-940F-D54D3092ECEA}.Release|iPhone.ActiveCfg = Release|Any CPU
		{06FC2B6F-DEBF-43C9-940F-D54D3092ECEA}.Release|iPhone.Build.0 = Release|Any CPU
		{06FC2B6F-DEBF-43C9-940F-D54D3092ECEA}.Release|iPhone.Deploy.0 = Release|Any CPU
		{06FC2B6F-DEBF-43C9-940F-D54D3092ECEA}.Release|iPhoneSimulator.ActiveCfg = Release|Any CPU
		{06FC2B6F-DEBF-43C9-940F-D54D3092ECEA}.Release|iPhoneSimulator.Build.0 = Release|Any CPU
		{06FC2B6F-DEBF-43C9-940F-D54D3092ECEA}.Release|iPhoneSimulator.Deploy.0 = Release|Any CPU
		{06FC2B6F-DEBF-43C9-940F-D54D3092ECEA}.Release|x64.ActiveCfg = Release|Any CPU
		{06FC2B6F-DEBF-43C9-940F-D54D3092ECEA}.Release|x64.Build.0 = Release|Any CPU
		{06FC2B6F-DEBF-43C9-940F-D54D3092ECEA}.Release|x64.Deploy.0 = Release|Any CPU
		{06FC2B6F-DEBF-43C9-940F-D54D3092ECEA}.Release|x86.ActiveCfg = Release|Any CPU
		{06FC2B6F-DEBF-43C9-940F-D54D3092ECEA}.Release|x86.Build.0 = Release|Any CPU
		{06FC2B6F-DEBF-43C9-940F-D54D3092ECEA}.Release|x86.Deploy.0 = Release|Any CPU
		{A13A0649-0BB7-4B3F-8EF2-6D97F23731FD}.Ad-Hoc|Any CPU.ActiveCfg = Ad-Hoc|iPhoneSimulator
		{A13A0649-0BB7-4B3F-8EF2-6D97F23731FD}.Ad-Hoc|Any CPU.Build.0 = Ad-Hoc|iPhoneSimulator
		{A13A0649-0BB7-4B3F-8EF2-6D97F23731FD}.Ad-Hoc|ARM.ActiveCfg = Ad-Hoc|iPhoneSimulator
		{A13A0649-0BB7-4B3F-8EF2-6D97F23731FD}.Ad-Hoc|ARM.Build.0 = Ad-Hoc|iPhoneSimulator
		{A13A0649-0BB7-4B3F-8EF2-6D97F23731FD}.Ad-Hoc|ARM64.ActiveCfg = Ad-Hoc|iPhoneSimulator
		{A13A0649-0BB7-4B3F-8EF2-6D97F23731FD}.Ad-Hoc|ARM64.Build.0 = Ad-Hoc|iPhoneSimulator
		{A13A0649-0BB7-4B3F-8EF2-6D97F23731FD}.Ad-Hoc|iPhone.ActiveCfg = Ad-Hoc|iPhone
		{A13A0649-0BB7-4B3F-8EF2-6D97F23731FD}.Ad-Hoc|iPhone.Build.0 = Ad-Hoc|iPhone
		{A13A0649-0BB7-4B3F-8EF2-6D97F23731FD}.Ad-Hoc|iPhoneSimulator.ActiveCfg = Ad-Hoc|iPhoneSimulator
		{A13A0649-0BB7-4B3F-8EF2-6D97F23731FD}.Ad-Hoc|iPhoneSimulator.Build.0 = Ad-Hoc|iPhoneSimulator
		{A13A0649-0BB7-4B3F-8EF2-6D97F23731FD}.Ad-Hoc|x64.ActiveCfg = Ad-Hoc|iPhoneSimulator
		{A13A0649-0BB7-4B3F-8EF2-6D97F23731FD}.Ad-Hoc|x64.Build.0 = Ad-Hoc|iPhoneSimulator
		{A13A0649-0BB7-4B3F-8EF2-6D97F23731FD}.Ad-Hoc|x86.ActiveCfg = Ad-Hoc|iPhoneSimulator
		{A13A0649-0BB7-4B3F-8EF2-6D97F23731FD}.Ad-Hoc|x86.Build.0 = Ad-Hoc|iPhoneSimulator
		{A13A0649-0BB7-4B3F-8EF2-6D97F23731FD}.AppStore|Any CPU.ActiveCfg = AppStore|iPhoneSimulator
		{A13A0649-0BB7-4B3F-8EF2-6D97F23731FD}.AppStore|Any CPU.Build.0 = AppStore|iPhoneSimulator
		{A13A0649-0BB7-4B3F-8EF2-6D97F23731FD}.AppStore|ARM.ActiveCfg = AppStore|iPhoneSimulator
		{A13A0649-0BB7-4B3F-8EF2-6D97F23731FD}.AppStore|ARM.Build.0 = AppStore|iPhoneSimulator
		{A13A0649-0BB7-4B3F-8EF2-6D97F23731FD}.AppStore|ARM64.ActiveCfg = AppStore|iPhoneSimulator
		{A13A0649-0BB7-4B3F-8EF2-6D97F23731FD}.AppStore|ARM64.Build.0 = AppStore|iPhoneSimulator
		{A13A0649-0BB7-4B3F-8EF2-6D97F23731FD}.AppStore|iPhone.ActiveCfg = AppStore|iPhone
		{A13A0649-0BB7-4B3F-8EF2-6D97F23731FD}.AppStore|iPhone.Build.0 = AppStore|iPhone
		{A13A0649-0BB7-4B3F-8EF2-6D97F23731FD}.AppStore|iPhoneSimulator.ActiveCfg = AppStore|iPhoneSimulator
		{A13A0649-0BB7-4B3F-8EF2-6D97F23731FD}.AppStore|iPhoneSimulator.Build.0 = AppStore|iPhoneSimulator
		{A13A0649-0BB7-4B3F-8EF2-6D97F23731FD}.AppStore|x64.ActiveCfg = AppStore|iPhoneSimulator
		{A13A0649-0BB7-4B3F-8EF2-6D97F23731FD}.AppStore|x64.Build.0 = AppStore|iPhoneSimulator
		{A13A0649-0BB7-4B3F-8EF2-6D97F23731FD}.AppStore|x86.ActiveCfg = AppStore|iPhoneSimulator
		{A13A0649-0BB7-4B3F-8EF2-6D97F23731FD}.AppStore|x86.Build.0 = AppStore|iPhoneSimulator
		{A13A0649-0BB7-4B3F-8EF2-6D97F23731FD}.Debug|Any CPU.ActiveCfg = Debug|iPhoneSimulator
		{A13A0649-0BB7-4B3F-8EF2-6D97F23731FD}.Debug|Any CPU.Build.0 = Debug|iPhoneSimulator
		{A13A0649-0BB7-4B3F-8EF2-6D97F23731FD}.Debug|ARM.ActiveCfg = Debug|iPhoneSimulator
		{A13A0649-0BB7-4B3F-8EF2-6D97F23731FD}.Debug|ARM.Build.0 = Debug|iPhoneSimulator
		{A13A0649-0BB7-4B3F-8EF2-6D97F23731FD}.Debug|ARM64.ActiveCfg = Debug|iPhoneSimulator
		{A13A0649-0BB7-4B3F-8EF2-6D97F23731FD}.Debug|ARM64.Build.0 = Debug|iPhoneSimulator
		{A13A0649-0BB7-4B3F-8EF2-6D97F23731FD}.Debug|iPhone.ActiveCfg = Debug|iPhone
		{A13A0649-0BB7-4B3F-8EF2-6D97F23731FD}.Debug|iPhone.Build.0 = Debug|iPhone
		{A13A0649-0BB7-4B3F-8EF2-6D97F23731FD}.Debug|iPhoneSimulator.ActiveCfg = Debug|iPhoneSimulator
		{A13A0649-0BB7-4B3F-8EF2-6D97F23731FD}.Debug|iPhoneSimulator.Build.0 = Debug|iPhoneSimulator
		{A13A0649-0BB7-4B3F-8EF2-6D97F23731FD}.Debug|x64.ActiveCfg = Debug|iPhoneSimulator
		{A13A0649-0BB7-4B3F-8EF2-6D97F23731FD}.Debug|x64.Build.0 = Debug|iPhoneSimulator
		{A13A0649-0BB7-4B3F-8EF2-6D97F23731FD}.Debug|x86.ActiveCfg = Debug|iPhoneSimulator
		{A13A0649-0BB7-4B3F-8EF2-6D97F23731FD}.Debug|x86.Build.0 = Debug|iPhoneSimulator
		{A13A0649-0BB7-4B3F-8EF2-6D97F23731FD}.Release|Any CPU.ActiveCfg = Release|iPhoneSimulator
		{A13A0649-0BB7-4B3F-8EF2-6D97F23731FD}.Release|Any CPU.Build.0 = Release|iPhoneSimulator
		{A13A0649-0BB7-4B3F-8EF2-6D97F23731FD}.Release|ARM.ActiveCfg = Release|iPhoneSimulator
		{A13A0649-0BB7-4B3F-8EF2-6D97F23731FD}.Release|ARM.Build.0 = Release|iPhoneSimulator
		{A13A0649-0BB7-4B3F-8EF2-6D97F23731FD}.Release|ARM64.ActiveCfg = Release|iPhoneSimulator
		{A13A0649-0BB7-4B3F-8EF2-6D97F23731FD}.Release|ARM64.Build.0 = Release|iPhoneSimulator
		{A13A0649-0BB7-4B3F-8EF2-6D97F23731FD}.Release|iPhone.ActiveCfg = Release|iPhone
		{A13A0649-0BB7-4B3F-8EF2-6D97F23731FD}.Release|iPhone.Build.0 = Release|iPhone
		{A13A0649-0BB7-4B3F-8EF2-6D97F23731FD}.Release|iPhoneSimulator.ActiveCfg = Release|iPhoneSimulator
		{A13A0649-0BB7-4B3F-8EF2-6D97F23731FD}.Release|iPhoneSimulator.Build.0 = Release|iPhoneSimulator
		{A13A0649-0BB7-4B3F-8EF2-6D97F23731FD}.Release|x64.ActiveCfg = Release|iPhoneSimulator
		{A13A0649-0BB7-4B3F-8EF2-6D97F23731FD}.Release|x64.Build.0 = Release|iPhoneSimulator
		{A13A0649-0BB7-4B3F-8EF2-6D97F23731FD}.Release|x86.ActiveCfg = Release|iPhoneSimulator
		{A13A0649-0BB7-4B3F-8EF2-6D97F23731FD}.Release|x86.Build.0 = Release|iPhoneSimulator
		{8ECDA5CD-EF8B-4262-BDAE-7AFB475F95A3}.Ad-Hoc|Any CPU.ActiveCfg = Debug|x86
		{8ECDA5CD-EF8B-4262-BDAE-7AFB475F95A3}.Ad-Hoc|Any CPU.Build.0 = Debug|x86
		{8ECDA5CD-EF8B-4262-BDAE-7AFB475F95A3}.Ad-Hoc|Any CPU.Deploy.0 = Debug|x86
		{8ECDA5CD-EF8B-4262-BDAE-7AFB475F95A3}.Ad-Hoc|ARM.ActiveCfg = Debug|ARM
		{8ECDA5CD-EF8B-4262-BDAE-7AFB475F95A3}.Ad-Hoc|ARM.Build.0 = Debug|ARM
		{8ECDA5CD-EF8B-4262-BDAE-7AFB475F95A3}.Ad-Hoc|ARM.Deploy.0 = Debug|ARM
		{8ECDA5CD-EF8B-4262-BDAE-7AFB475F95A3}.Ad-Hoc|ARM64.ActiveCfg = Debug|ARM64
		{8ECDA5CD-EF8B-4262-BDAE-7AFB475F95A3}.Ad-Hoc|ARM64.Build.0 = Debug|ARM64
		{8ECDA5CD-EF8B-4262-BDAE-7AFB475F95A3}.Ad-Hoc|ARM64.Deploy.0 = Debug|ARM64
		{8ECDA5CD-EF8B-4262-BDAE-7AFB475F95A3}.Ad-Hoc|iPhone.ActiveCfg = Debug|x86
		{8ECDA5CD-EF8B-4262-BDAE-7AFB475F95A3}.Ad-Hoc|iPhone.Build.0 = Debug|x86
		{8ECDA5CD-EF8B-4262-BDAE-7AFB475F95A3}.Ad-Hoc|iPhone.Deploy.0 = Debug|x86
		{8ECDA5CD-EF8B-4262-BDAE-7AFB475F95A3}.Ad-Hoc|iPhoneSimulator.ActiveCfg = Debug|x86
		{8ECDA5CD-EF8B-4262-BDAE-7AFB475F95A3}.Ad-Hoc|iPhoneSimulator.Build.0 = Debug|x86
		{8ECDA5CD-EF8B-4262-BDAE-7AFB475F95A3}.Ad-Hoc|iPhoneSimulator.Deploy.0 = Debug|x86
		{8ECDA5CD-EF8B-4262-BDAE-7AFB475F95A3}.Ad-Hoc|x64.ActiveCfg = Debug|x64
		{8ECDA5CD-EF8B-4262-BDAE-7AFB475F95A3}.Ad-Hoc|x64.Build.0 = Debug|x64
		{8ECDA5CD-EF8B-4262-BDAE-7AFB475F95A3}.Ad-Hoc|x64.Deploy.0 = Debug|x64
		{8ECDA5CD-EF8B-4262-BDAE-7AFB475F95A3}.Ad-Hoc|x86.ActiveCfg = Debug|x86
		{8ECDA5CD-EF8B-4262-BDAE-7AFB475F95A3}.Ad-Hoc|x86.Build.0 = Debug|x86
		{8ECDA5CD-EF8B-4262-BDAE-7AFB475F95A3}.Ad-Hoc|x86.Deploy.0 = Debug|x86
		{8ECDA5CD-EF8B-4262-BDAE-7AFB475F95A3}.AppStore|Any CPU.ActiveCfg = Debug|x86
		{8ECDA5CD-EF8B-4262-BDAE-7AFB475F95A3}.AppStore|Any CPU.Build.0 = Debug|x86
		{8ECDA5CD-EF8B-4262-BDAE-7AFB475F95A3}.AppStore|Any CPU.Deploy.0 = Debug|x86
		{8ECDA5CD-EF8B-4262-BDAE-7AFB475F95A3}.AppStore|ARM.ActiveCfg = Debug|ARM
		{8ECDA5CD-EF8B-4262-BDAE-7AFB475F95A3}.AppStore|ARM.Build.0 = Debug|ARM
		{8ECDA5CD-EF8B-4262-BDAE-7AFB475F95A3}.AppStore|ARM.Deploy.0 = Debug|ARM
		{8ECDA5CD-EF8B-4262-BDAE-7AFB475F95A3}.AppStore|ARM64.ActiveCfg = Debug|ARM64
		{8ECDA5CD-EF8B-4262-BDAE-7AFB475F95A3}.AppStore|ARM64.Build.0 = Debug|ARM64
		{8ECDA5CD-EF8B-4262-BDAE-7AFB475F95A3}.AppStore|ARM64.Deploy.0 = Debug|ARM64
		{8ECDA5CD-EF8B-4262-BDAE-7AFB475F95A3}.AppStore|iPhone.ActiveCfg = Debug|x86
		{8ECDA5CD-EF8B-4262-BDAE-7AFB475F95A3}.AppStore|iPhone.Build.0 = Debug|x86
		{8ECDA5CD-EF8B-4262-BDAE-7AFB475F95A3}.AppStore|iPhone.Deploy.0 = Debug|x86
		{8ECDA5CD-EF8B-4262-BDAE-7AFB475F95A3}.AppStore|iPhoneSimulator.ActiveCfg = Debug|x86
		{8ECDA5CD-EF8B-4262-BDAE-7AFB475F95A3}.AppStore|iPhoneSimulator.Build.0 = Debug|x86
		{8ECDA5CD-EF8B-4262-BDAE-7AFB475F95A3}.AppStore|iPhoneSimulator.Deploy.0 = Debug|x86
		{8ECDA5CD-EF8B-4262-BDAE-7AFB475F95A3}.AppStore|x64.ActiveCfg = Debug|x64
		{8ECDA5CD-EF8B-4262-BDAE-7AFB475F95A3}.AppStore|x64.Build.0 = Debug|x64
		{8ECDA5CD-EF8B-4262-BDAE-7AFB475F95A3}.AppStore|x64.Deploy.0 = Debug|x64
		{8ECDA5CD-EF8B-4262-BDAE-7AFB475F95A3}.AppStore|x86.ActiveCfg = Debug|x86
		{8ECDA5CD-EF8B-4262-BDAE-7AFB475F95A3}.AppStore|x86.Build.0 = Debug|x86
		{8ECDA5CD-EF8B-4262-BDAE-7AFB475F95A3}.AppStore|x86.Deploy.0 = Debug|x86
		{8ECDA5CD-EF8B-4262-BDAE-7AFB475F95A3}.Debug|Any CPU.ActiveCfg = Debug|x64
		{8ECDA5CD-EF8B-4262-BDAE-7AFB475F95A3}.Debug|Any CPU.Build.0 = Debug|x64
		{8ECDA5CD-EF8B-4262-BDAE-7AFB475F95A3}.Debug|Any CPU.Deploy.0 = Debug|x64
		{8ECDA5CD-EF8B-4262-BDAE-7AFB475F95A3}.Debug|ARM.ActiveCfg = Debug|ARM
		{8ECDA5CD-EF8B-4262-BDAE-7AFB475F95A3}.Debug|ARM.Build.0 = Debug|ARM
		{8ECDA5CD-EF8B-4262-BDAE-7AFB475F95A3}.Debug|ARM.Deploy.0 = Debug|ARM
		{8ECDA5CD-EF8B-4262-BDAE-7AFB475F95A3}.Debug|ARM64.ActiveCfg = Debug|ARM64
		{8ECDA5CD-EF8B-4262-BDAE-7AFB475F95A3}.Debug|ARM64.Build.0 = Debug|ARM64
		{8ECDA5CD-EF8B-4262-BDAE-7AFB475F95A3}.Debug|ARM64.Deploy.0 = Debug|ARM64
		{8ECDA5CD-EF8B-4262-BDAE-7AFB475F95A3}.Debug|iPhone.ActiveCfg = Debug|x64
		{8ECDA5CD-EF8B-4262-BDAE-7AFB475F95A3}.Debug|iPhone.Build.0 = Debug|x64
		{8ECDA5CD-EF8B-4262-BDAE-7AFB475F95A3}.Debug|iPhone.Deploy.0 = Debug|x64
		{8ECDA5CD-EF8B-4262-BDAE-7AFB475F95A3}.Debug|iPhoneSimulator.ActiveCfg = Debug|x64
		{8ECDA5CD-EF8B-4262-BDAE-7AFB475F95A3}.Debug|iPhoneSimulator.Build.0 = Debug|x64
		{8ECDA5CD-EF8B-4262-BDAE-7AFB475F95A3}.Debug|iPhoneSimulator.Deploy.0 = Debug|x64
		{8ECDA5CD-EF8B-4262-BDAE-7AFB475F95A3}.Debug|x64.ActiveCfg = Debug|x64
		{8ECDA5CD-EF8B-4262-BDAE-7AFB475F95A3}.Debug|x64.Build.0 = Debug|x64
		{8ECDA5CD-EF8B-4262-BDAE-7AFB475F95A3}.Debug|x64.Deploy.0 = Debug|x64
		{8ECDA5CD-EF8B-4262-BDAE-7AFB475F95A3}.Debug|x86.ActiveCfg = Debug|x86
		{8ECDA5CD-EF8B-4262-BDAE-7AFB475F95A3}.Debug|x86.Build.0 = Debug|x86
		{8ECDA5CD-EF8B-4262-BDAE-7AFB475F95A3}.Debug|x86.Deploy.0 = Debug|x86
		{8ECDA5CD-EF8B-4262-BDAE-7AFB475F95A3}.Release|Any CPU.ActiveCfg = Release|x64
		{8ECDA5CD-EF8B-4262-BDAE-7AFB475F95A3}.Release|Any CPU.Build.0 = Release|x64
		{8ECDA5CD-EF8B-4262-BDAE-7AFB475F95A3}.Release|Any CPU.Deploy.0 = Release|x64
		{8ECDA5CD-EF8B-4262-BDAE-7AFB475F95A3}.Release|ARM.ActiveCfg = Release|ARM
		{8ECDA5CD-EF8B-4262-BDAE-7AFB475F95A3}.Release|ARM.Build.0 = Release|ARM
		{8ECDA5CD-EF8B-4262-BDAE-7AFB475F95A3}.Release|ARM.Deploy.0 = Release|ARM
		{8ECDA5CD-EF8B-4262-BDAE-7AFB475F95A3}.Release|ARM64.ActiveCfg = Release|ARM64
		{8ECDA5CD-EF8B-4262-BDAE-7AFB475F95A3}.Release|ARM64.Build.0 = Release|ARM64
		{8ECDA5CD-EF8B-4262-BDAE-7AFB475F95A3}.Release|ARM64.Deploy.0 = Release|ARM64
		{8ECDA5CD-EF8B-4262-BDAE-7AFB475F95A3}.Release|iPhone.ActiveCfg = Release|x64
		{8ECDA5CD-EF8B-4262-BDAE-7AFB475F95A3}.Release|iPhone.Build.0 = Release|x64
		{8ECDA5CD-EF8B-4262-BDAE-7AFB475F95A3}.Release|iPhone.Deploy.0 = Release|x64
		{8ECDA5CD-EF8B-4262-BDAE-7AFB475F95A3}.Release|iPhoneSimulator.ActiveCfg = Release|x64
		{8ECDA5CD-EF8B-4262-BDAE-7AFB475F95A3}.Release|iPhoneSimulator.Build.0 = Release|x64
		{8ECDA5CD-EF8B-4262-BDAE-7AFB475F95A3}.Release|iPhoneSimulator.Deploy.0 = Release|x64
		{8ECDA5CD-EF8B-4262-BDAE-7AFB475F95A3}.Release|x64.ActiveCfg = Release|x64
		{8ECDA5CD-EF8B-4262-BDAE-7AFB475F95A3}.Release|x64.Build.0 = Release|x64
		{8ECDA5CD-EF8B-4262-BDAE-7AFB475F95A3}.Release|x64.Deploy.0 = Release|x64
		{8ECDA5CD-EF8B-4262-BDAE-7AFB475F95A3}.Release|x86.ActiveCfg = Release|x86
		{8ECDA5CD-EF8B-4262-BDAE-7AFB475F95A3}.Release|x86.Build.0 = Release|x86
		{8ECDA5CD-EF8B-4262-BDAE-7AFB475F95A3}.Release|x86.Deploy.0 = Release|x86
		{30E1FA90-B217-4020-88A8-67CF6A521C47}.Ad-Hoc|Any CPU.ActiveCfg = Debug|Any CPU
		{30E1FA90-B217-4020-88A8-67CF6A521C47}.Ad-Hoc|Any CPU.Build.0 = Debug|Any CPU
		{30E1FA90-B217-4020-88A8-67CF6A521C47}.Ad-Hoc|ARM.ActiveCfg = Debug|Any CPU
		{30E1FA90-B217-4020-88A8-67CF6A521C47}.Ad-Hoc|ARM.Build.0 = Debug|Any CPU
		{30E1FA90-B217-4020-88A8-67CF6A521C47}.Ad-Hoc|ARM64.ActiveCfg = Debug|Any CPU
		{30E1FA90-B217-4020-88A8-67CF6A521C47}.Ad-Hoc|ARM64.Build.0 = Debug|Any CPU
		{30E1FA90-B217-4020-88A8-67CF6A521C47}.Ad-Hoc|iPhone.ActiveCfg = Debug|Any CPU
		{30E1FA90-B217-4020-88A8-67CF6A521C47}.Ad-Hoc|iPhone.Build.0 = Debug|Any CPU
		{30E1FA90-B217-4020-88A8-67CF6A521C47}.Ad-Hoc|iPhoneSimulator.ActiveCfg = Debug|Any CPU
		{30E1FA90-B217-4020-88A8-67CF6A521C47}.Ad-Hoc|iPhoneSimulator.Build.0 = Debug|Any CPU
		{30E1FA90-B217-4020-88A8-67CF6A521C47}.Ad-Hoc|x64.ActiveCfg = Debug|Any CPU
		{30E1FA90-B217-4020-88A8-67CF6A521C47}.Ad-Hoc|x64.Build.0 = Debug|Any CPU
		{30E1FA90-B217-4020-88A8-67CF6A521C47}.Ad-Hoc|x86.ActiveCfg = Debug|Any CPU
		{30E1FA90-B217-4020-88A8-67CF6A521C47}.Ad-Hoc|x86.Build.0 = Debug|Any CPU
		{30E1FA90-B217-4020-88A8-67CF6A521C47}.AppStore|Any CPU.ActiveCfg = Debug|Any CPU
		{30E1FA90-B217-4020-88A8-67CF6A521C47}.AppStore|Any CPU.Build.0 = Debug|Any CPU
		{30E1FA90-B217-4020-88A8-67CF6A521C47}.AppStore|ARM.ActiveCfg = Debug|Any CPU
		{30E1FA90-B217-4020-88A8-67CF6A521C47}.AppStore|ARM.Build.0 = Debug|Any CPU
		{30E1FA90-B217-4020-88A8-67CF6A521C47}.AppStore|ARM64.ActiveCfg = Debug|Any CPU
		{30E1FA90-B217-4020-88A8-67CF6A521C47}.AppStore|ARM64.Build.0 = Debug|Any CPU
		{30E1FA90-B217-4020-88A8-67CF6A521C47}.AppStore|iPhone.ActiveCfg = Debug|Any CPU
		{30E1FA90-B217-4020-88A8-67CF6A521C47}.AppStore|iPhone.Build.0 = Debug|Any CPU
		{30E1FA90-B217-4020-88A8-67CF6A521C47}.AppStore|iPhoneSimulator.ActiveCfg = Debug|Any CPU
		{30E1FA90-B217-4020-88A8-67CF6A521C47}.AppStore|iPhoneSimulator.Build.0 = Debug|Any CPU
		{30E1FA90-B217-4020-88A8-67CF6A521C47}.AppStore|x64.ActiveCfg = Debug|Any CPU
		{30E1FA90-B217-4020-88A8-67CF6A521C47}.AppStore|x64.Build.0 = Debug|Any CPU
		{30E1FA90-B217-4020-88A8-67CF6A521C47}.AppStore|x86.ActiveCfg = Debug|Any CPU
		{30E1FA90-B217-4020-88A8-67CF6A521C47}.AppStore|x86.Build.0 = Debug|Any CPU
		{30E1FA90-B217-4020-88A8-67CF6A521C47}.Debug|Any CPU.ActiveCfg = Debug|Any CPU
		{30E1FA90-B217-4020-88A8-67CF6A521C47}.Debug|Any CPU.Build.0 = Debug|Any CPU
		{30E1FA90-B217-4020-88A8-67CF6A521C47}.Debug|ARM.ActiveCfg = Debug|Any CPU
		{30E1FA90-B217-4020-88A8-67CF6A521C47}.Debug|ARM.Build.0 = Debug|Any CPU
		{30E1FA90-B217-4020-88A8-67CF6A521C47}.Debug|ARM64.ActiveCfg = Debug|Any CPU
		{30E1FA90-B217-4020-88A8-67CF6A521C47}.Debug|ARM64.Build.0 = Debug|Any CPU
		{30E1FA90-B217-4020-88A8-67CF6A521C47}.Debug|iPhone.ActiveCfg = Debug|Any CPU
		{30E1FA90-B217-4020-88A8-67CF6A521C47}.Debug|iPhone.Build.0 = Debug|Any CPU
		{30E1FA90-B217-4020-88A8-67CF6A521C47}.Debug|iPhoneSimulator.ActiveCfg = Debug|Any CPU
		{30E1FA90-B217-4020-88A8-67CF6A521C47}.Debug|iPhoneSimulator.Build.0 = Debug|Any CPU
		{30E1FA90-B217-4020-88A8-67CF6A521C47}.Debug|x64.ActiveCfg = Debug|Any CPU
		{30E1FA90-B217-4020-88A8-67CF6A521C47}.Debug|x64.Build.0 = Debug|Any CPU
		{30E1FA90-B217-4020-88A8-67CF6A521C47}.Debug|x86.ActiveCfg = Debug|Any CPU
		{30E1FA90-B217-4020-88A8-67CF6A521C47}.Debug|x86.Build.0 = Debug|Any CPU
		{30E1FA90-B217-4020-88A8-67CF6A521C47}.Release|Any CPU.ActiveCfg = Release|Any CPU
		{30E1FA90-B217-4020-88A8-67CF6A521C47}.Release|Any CPU.Build.0 = Release|Any CPU
		{30E1FA90-B217-4020-88A8-67CF6A521C47}.Release|ARM.ActiveCfg = Release|Any CPU
		{30E1FA90-B217-4020-88A8-67CF6A521C47}.Release|ARM.Build.0 = Release|Any CPU
		{30E1FA90-B217-4020-88A8-67CF6A521C47}.Release|ARM64.ActiveCfg = Release|Any CPU
		{30E1FA90-B217-4020-88A8-67CF6A521C47}.Release|ARM64.Build.0 = Release|Any CPU
		{30E1FA90-B217-4020-88A8-67CF6A521C47}.Release|iPhone.ActiveCfg = Release|Any CPU
		{30E1FA90-B217-4020-88A8-67CF6A521C47}.Release|iPhone.Build.0 = Release|Any CPU
		{30E1FA90-B217-4020-88A8-67CF6A521C47}.Release|iPhoneSimulator.ActiveCfg = Release|Any CPU
		{30E1FA90-B217-4020-88A8-67CF6A521C47}.Release|iPhoneSimulator.Build.0 = Release|Any CPU
		{30E1FA90-B217-4020-88A8-67CF6A521C47}.Release|x64.ActiveCfg = Release|Any CPU
		{30E1FA90-B217-4020-88A8-67CF6A521C47}.Release|x64.Build.0 = Release|Any CPU
		{30E1FA90-B217-4020-88A8-67CF6A521C47}.Release|x86.ActiveCfg = Release|Any CPU
		{30E1FA90-B217-4020-88A8-67CF6A521C47}.Release|x86.Build.0 = Release|Any CPU
		{DEFE3B2B-62BF-48D9-A035-BC3B6685C512}.Ad-Hoc|Any CPU.ActiveCfg = Debug|iPhoneSimulator
		{DEFE3B2B-62BF-48D9-A035-BC3B6685C512}.Ad-Hoc|Any CPU.Build.0 = Debug|iPhoneSimulator
		{DEFE3B2B-62BF-48D9-A035-BC3B6685C512}.Ad-Hoc|ARM.ActiveCfg = Debug|iPhoneSimulator
		{DEFE3B2B-62BF-48D9-A035-BC3B6685C512}.Ad-Hoc|ARM.Build.0 = Debug|iPhoneSimulator
		{DEFE3B2B-62BF-48D9-A035-BC3B6685C512}.Ad-Hoc|ARM64.ActiveCfg = Debug|iPhoneSimulator
		{DEFE3B2B-62BF-48D9-A035-BC3B6685C512}.Ad-Hoc|ARM64.Build.0 = Debug|iPhoneSimulator
		{DEFE3B2B-62BF-48D9-A035-BC3B6685C512}.Ad-Hoc|iPhone.ActiveCfg = Debug|iPhoneSimulator
		{DEFE3B2B-62BF-48D9-A035-BC3B6685C512}.Ad-Hoc|iPhone.Build.0 = Debug|iPhoneSimulator
		{DEFE3B2B-62BF-48D9-A035-BC3B6685C512}.Ad-Hoc|iPhoneSimulator.ActiveCfg = Debug|iPhoneSimulator
		{DEFE3B2B-62BF-48D9-A035-BC3B6685C512}.Ad-Hoc|iPhoneSimulator.Build.0 = Debug|iPhoneSimulator
		{DEFE3B2B-62BF-48D9-A035-BC3B6685C512}.Ad-Hoc|x64.ActiveCfg = Debug|iPhoneSimulator
		{DEFE3B2B-62BF-48D9-A035-BC3B6685C512}.Ad-Hoc|x64.Build.0 = Debug|iPhoneSimulator
		{DEFE3B2B-62BF-48D9-A035-BC3B6685C512}.Ad-Hoc|x86.ActiveCfg = Debug|iPhoneSimulator
		{DEFE3B2B-62BF-48D9-A035-BC3B6685C512}.Ad-Hoc|x86.Build.0 = Debug|iPhoneSimulator
		{DEFE3B2B-62BF-48D9-A035-BC3B6685C512}.AppStore|Any CPU.ActiveCfg = Debug|iPhoneSimulator
		{DEFE3B2B-62BF-48D9-A035-BC3B6685C512}.AppStore|Any CPU.Build.0 = Debug|iPhoneSimulator
		{DEFE3B2B-62BF-48D9-A035-BC3B6685C512}.AppStore|ARM.ActiveCfg = Debug|iPhoneSimulator
		{DEFE3B2B-62BF-48D9-A035-BC3B6685C512}.AppStore|ARM.Build.0 = Debug|iPhoneSimulator
		{DEFE3B2B-62BF-48D9-A035-BC3B6685C512}.AppStore|ARM64.ActiveCfg = Debug|iPhoneSimulator
		{DEFE3B2B-62BF-48D9-A035-BC3B6685C512}.AppStore|ARM64.Build.0 = Debug|iPhoneSimulator
		{DEFE3B2B-62BF-48D9-A035-BC3B6685C512}.AppStore|iPhone.ActiveCfg = Debug|iPhoneSimulator
		{DEFE3B2B-62BF-48D9-A035-BC3B6685C512}.AppStore|iPhone.Build.0 = Debug|iPhoneSimulator
		{DEFE3B2B-62BF-48D9-A035-BC3B6685C512}.AppStore|iPhoneSimulator.ActiveCfg = Debug|iPhoneSimulator
		{DEFE3B2B-62BF-48D9-A035-BC3B6685C512}.AppStore|iPhoneSimulator.Build.0 = Debug|iPhoneSimulator
		{DEFE3B2B-62BF-48D9-A035-BC3B6685C512}.AppStore|x64.ActiveCfg = Debug|iPhoneSimulator
		{DEFE3B2B-62BF-48D9-A035-BC3B6685C512}.AppStore|x64.Build.0 = Debug|iPhoneSimulator
		{DEFE3B2B-62BF-48D9-A035-BC3B6685C512}.AppStore|x86.ActiveCfg = Debug|iPhoneSimulator
		{DEFE3B2B-62BF-48D9-A035-BC3B6685C512}.AppStore|x86.Build.0 = Debug|iPhoneSimulator
		{DEFE3B2B-62BF-48D9-A035-BC3B6685C512}.Debug|Any CPU.ActiveCfg = Debug|iPhoneSimulator
		{DEFE3B2B-62BF-48D9-A035-BC3B6685C512}.Debug|Any CPU.Build.0 = Debug|iPhoneSimulator
		{DEFE3B2B-62BF-48D9-A035-BC3B6685C512}.Debug|ARM.ActiveCfg = Debug|iPhoneSimulator
		{DEFE3B2B-62BF-48D9-A035-BC3B6685C512}.Debug|ARM.Build.0 = Debug|iPhoneSimulator
		{DEFE3B2B-62BF-48D9-A035-BC3B6685C512}.Debug|ARM64.ActiveCfg = Debug|iPhoneSimulator
		{DEFE3B2B-62BF-48D9-A035-BC3B6685C512}.Debug|ARM64.Build.0 = Debug|iPhoneSimulator
		{DEFE3B2B-62BF-48D9-A035-BC3B6685C512}.Debug|iPhone.ActiveCfg = Debug|iPhoneSimulator
		{DEFE3B2B-62BF-48D9-A035-BC3B6685C512}.Debug|iPhone.Build.0 = Debug|iPhoneSimulator
		{DEFE3B2B-62BF-48D9-A035-BC3B6685C512}.Debug|iPhoneSimulator.ActiveCfg = Debug|iPhoneSimulator
		{DEFE3B2B-62BF-48D9-A035-BC3B6685C512}.Debug|iPhoneSimulator.Build.0 = Debug|iPhoneSimulator
		{DEFE3B2B-62BF-48D9-A035-BC3B6685C512}.Debug|x64.ActiveCfg = Debug|iPhoneSimulator
		{DEFE3B2B-62BF-48D9-A035-BC3B6685C512}.Debug|x64.Build.0 = Debug|iPhoneSimulator
		{DEFE3B2B-62BF-48D9-A035-BC3B6685C512}.Debug|x86.ActiveCfg = Debug|iPhoneSimulator
		{DEFE3B2B-62BF-48D9-A035-BC3B6685C512}.Debug|x86.Build.0 = Debug|iPhoneSimulator
		{DEFE3B2B-62BF-48D9-A035-BC3B6685C512}.Release|Any CPU.ActiveCfg = Release|iPhoneSimulator
		{DEFE3B2B-62BF-48D9-A035-BC3B6685C512}.Release|Any CPU.Build.0 = Release|iPhoneSimulator
		{DEFE3B2B-62BF-48D9-A035-BC3B6685C512}.Release|ARM.ActiveCfg = Release|iPhoneSimulator
		{DEFE3B2B-62BF-48D9-A035-BC3B6685C512}.Release|ARM.Build.0 = Release|iPhoneSimulator
		{DEFE3B2B-62BF-48D9-A035-BC3B6685C512}.Release|ARM64.ActiveCfg = Release|iPhoneSimulator
		{DEFE3B2B-62BF-48D9-A035-BC3B6685C512}.Release|ARM64.Build.0 = Release|iPhoneSimulator
		{DEFE3B2B-62BF-48D9-A035-BC3B6685C512}.Release|iPhone.ActiveCfg = Release|iPhoneSimulator
		{DEFE3B2B-62BF-48D9-A035-BC3B6685C512}.Release|iPhone.Build.0 = Release|iPhoneSimulator
		{DEFE3B2B-62BF-48D9-A035-BC3B6685C512}.Release|iPhoneSimulator.ActiveCfg = Release|iPhoneSimulator
		{DEFE3B2B-62BF-48D9-A035-BC3B6685C512}.Release|iPhoneSimulator.Build.0 = Release|iPhoneSimulator
		{DEFE3B2B-62BF-48D9-A035-BC3B6685C512}.Release|x64.ActiveCfg = Release|iPhoneSimulator
		{DEFE3B2B-62BF-48D9-A035-BC3B6685C512}.Release|x64.Build.0 = Release|iPhoneSimulator
		{DEFE3B2B-62BF-48D9-A035-BC3B6685C512}.Release|x86.ActiveCfg = Release|iPhoneSimulator
		{DEFE3B2B-62BF-48D9-A035-BC3B6685C512}.Release|x86.Build.0 = Release|iPhoneSimulator
		{F71CAFEC-206C-486A-96FA-97546726EDC4}.Ad-Hoc|Any CPU.ActiveCfg = Debug|Any CPU
		{F71CAFEC-206C-486A-96FA-97546726EDC4}.Ad-Hoc|Any CPU.Build.0 = Debug|Any CPU
		{F71CAFEC-206C-486A-96FA-97546726EDC4}.Ad-Hoc|ARM.ActiveCfg = Debug|Any CPU
		{F71CAFEC-206C-486A-96FA-97546726EDC4}.Ad-Hoc|ARM.Build.0 = Debug|Any CPU
		{F71CAFEC-206C-486A-96FA-97546726EDC4}.Ad-Hoc|ARM64.ActiveCfg = Debug|Any CPU
		{F71CAFEC-206C-486A-96FA-97546726EDC4}.Ad-Hoc|ARM64.Build.0 = Debug|Any CPU
		{F71CAFEC-206C-486A-96FA-97546726EDC4}.Ad-Hoc|iPhone.ActiveCfg = Debug|Any CPU
		{F71CAFEC-206C-486A-96FA-97546726EDC4}.Ad-Hoc|iPhone.Build.0 = Debug|Any CPU
		{F71CAFEC-206C-486A-96FA-97546726EDC4}.Ad-Hoc|iPhoneSimulator.ActiveCfg = Debug|Any CPU
		{F71CAFEC-206C-486A-96FA-97546726EDC4}.Ad-Hoc|iPhoneSimulator.Build.0 = Debug|Any CPU
		{F71CAFEC-206C-486A-96FA-97546726EDC4}.Ad-Hoc|x64.ActiveCfg = Debug|Any CPU
		{F71CAFEC-206C-486A-96FA-97546726EDC4}.Ad-Hoc|x64.Build.0 = Debug|Any CPU
		{F71CAFEC-206C-486A-96FA-97546726EDC4}.Ad-Hoc|x86.ActiveCfg = Debug|Any CPU
		{F71CAFEC-206C-486A-96FA-97546726EDC4}.Ad-Hoc|x86.Build.0 = Debug|Any CPU
		{F71CAFEC-206C-486A-96FA-97546726EDC4}.AppStore|Any CPU.ActiveCfg = Debug|Any CPU
		{F71CAFEC-206C-486A-96FA-97546726EDC4}.AppStore|Any CPU.Build.0 = Debug|Any CPU
		{F71CAFEC-206C-486A-96FA-97546726EDC4}.AppStore|ARM.ActiveCfg = Debug|Any CPU
		{F71CAFEC-206C-486A-96FA-97546726EDC4}.AppStore|ARM.Build.0 = Debug|Any CPU
		{F71CAFEC-206C-486A-96FA-97546726EDC4}.AppStore|ARM64.ActiveCfg = Debug|Any CPU
		{F71CAFEC-206C-486A-96FA-97546726EDC4}.AppStore|ARM64.Build.0 = Debug|Any CPU
		{F71CAFEC-206C-486A-96FA-97546726EDC4}.AppStore|iPhone.ActiveCfg = Debug|Any CPU
		{F71CAFEC-206C-486A-96FA-97546726EDC4}.AppStore|iPhone.Build.0 = Debug|Any CPU
		{F71CAFEC-206C-486A-96FA-97546726EDC4}.AppStore|iPhoneSimulator.ActiveCfg = Debug|Any CPU
		{F71CAFEC-206C-486A-96FA-97546726EDC4}.AppStore|iPhoneSimulator.Build.0 = Debug|Any CPU
		{F71CAFEC-206C-486A-96FA-97546726EDC4}.AppStore|x64.ActiveCfg = Debug|Any CPU
		{F71CAFEC-206C-486A-96FA-97546726EDC4}.AppStore|x64.Build.0 = Debug|Any CPU
		{F71CAFEC-206C-486A-96FA-97546726EDC4}.AppStore|x86.ActiveCfg = Debug|Any CPU
		{F71CAFEC-206C-486A-96FA-97546726EDC4}.AppStore|x86.Build.0 = Debug|Any CPU
		{F71CAFEC-206C-486A-96FA-97546726EDC4}.Debug|Any CPU.ActiveCfg = Debug|Any CPU
		{F71CAFEC-206C-486A-96FA-97546726EDC4}.Debug|Any CPU.Build.0 = Debug|Any CPU
		{F71CAFEC-206C-486A-96FA-97546726EDC4}.Debug|ARM.ActiveCfg = Debug|Any CPU
		{F71CAFEC-206C-486A-96FA-97546726EDC4}.Debug|ARM.Build.0 = Debug|Any CPU
		{F71CAFEC-206C-486A-96FA-97546726EDC4}.Debug|ARM64.ActiveCfg = Debug|Any CPU
		{F71CAFEC-206C-486A-96FA-97546726EDC4}.Debug|ARM64.Build.0 = Debug|Any CPU
		{F71CAFEC-206C-486A-96FA-97546726EDC4}.Debug|iPhone.ActiveCfg = Debug|Any CPU
		{F71CAFEC-206C-486A-96FA-97546726EDC4}.Debug|iPhone.Build.0 = Debug|Any CPU
		{F71CAFEC-206C-486A-96FA-97546726EDC4}.Debug|iPhoneSimulator.ActiveCfg = Debug|Any CPU
		{F71CAFEC-206C-486A-96FA-97546726EDC4}.Debug|iPhoneSimulator.Build.0 = Debug|Any CPU
		{F71CAFEC-206C-486A-96FA-97546726EDC4}.Debug|x64.ActiveCfg = Debug|Any CPU
		{F71CAFEC-206C-486A-96FA-97546726EDC4}.Debug|x64.Build.0 = Debug|Any CPU
		{F71CAFEC-206C-486A-96FA-97546726EDC4}.Debug|x86.ActiveCfg = Debug|Any CPU
		{F71CAFEC-206C-486A-96FA-97546726EDC4}.Debug|x86.Build.0 = Debug|Any CPU
		{F71CAFEC-206C-486A-96FA-97546726EDC4}.Release|Any CPU.ActiveCfg = Release|Any CPU
		{F71CAFEC-206C-486A-96FA-97546726EDC4}.Release|Any CPU.Build.0 = Release|Any CPU
		{F71CAFEC-206C-486A-96FA-97546726EDC4}.Release|ARM.ActiveCfg = Release|Any CPU
		{F71CAFEC-206C-486A-96FA-97546726EDC4}.Release|ARM.Build.0 = Release|Any CPU
		{F71CAFEC-206C-486A-96FA-97546726EDC4}.Release|ARM64.ActiveCfg = Release|Any CPU
		{F71CAFEC-206C-486A-96FA-97546726EDC4}.Release|ARM64.Build.0 = Release|Any CPU
		{F71CAFEC-206C-486A-96FA-97546726EDC4}.Release|iPhone.ActiveCfg = Release|Any CPU
		{F71CAFEC-206C-486A-96FA-97546726EDC4}.Release|iPhone.Build.0 = Release|Any CPU
		{F71CAFEC-206C-486A-96FA-97546726EDC4}.Release|iPhoneSimulator.ActiveCfg = Release|Any CPU
		{F71CAFEC-206C-486A-96FA-97546726EDC4}.Release|iPhoneSimulator.Build.0 = Release|Any CPU
		{F71CAFEC-206C-486A-96FA-97546726EDC4}.Release|x64.ActiveCfg = Release|Any CPU
		{F71CAFEC-206C-486A-96FA-97546726EDC4}.Release|x64.Build.0 = Release|Any CPU
		{F71CAFEC-206C-486A-96FA-97546726EDC4}.Release|x86.ActiveCfg = Release|Any CPU
		{F71CAFEC-206C-486A-96FA-97546726EDC4}.Release|x86.Build.0 = Release|Any CPU
		{CA7181D6-BC4B-43AC-A9AD-089196165740}.Ad-Hoc|Any CPU.ActiveCfg = Debug|Any CPU
		{CA7181D6-BC4B-43AC-A9AD-089196165740}.Ad-Hoc|Any CPU.Build.0 = Debug|Any CPU
		{CA7181D6-BC4B-43AC-A9AD-089196165740}.Ad-Hoc|ARM.ActiveCfg = Debug|Any CPU
		{CA7181D6-BC4B-43AC-A9AD-089196165740}.Ad-Hoc|ARM.Build.0 = Debug|Any CPU
		{CA7181D6-BC4B-43AC-A9AD-089196165740}.Ad-Hoc|ARM64.ActiveCfg = Debug|Any CPU
		{CA7181D6-BC4B-43AC-A9AD-089196165740}.Ad-Hoc|ARM64.Build.0 = Debug|Any CPU
		{CA7181D6-BC4B-43AC-A9AD-089196165740}.Ad-Hoc|iPhone.ActiveCfg = Debug|Any CPU
		{CA7181D6-BC4B-43AC-A9AD-089196165740}.Ad-Hoc|iPhone.Build.0 = Debug|Any CPU
		{CA7181D6-BC4B-43AC-A9AD-089196165740}.Ad-Hoc|iPhoneSimulator.ActiveCfg = Debug|Any CPU
		{CA7181D6-BC4B-43AC-A9AD-089196165740}.Ad-Hoc|iPhoneSimulator.Build.0 = Debug|Any CPU
		{CA7181D6-BC4B-43AC-A9AD-089196165740}.Ad-Hoc|x64.ActiveCfg = Debug|Any CPU
		{CA7181D6-BC4B-43AC-A9AD-089196165740}.Ad-Hoc|x64.Build.0 = Debug|Any CPU
		{CA7181D6-BC4B-43AC-A9AD-089196165740}.Ad-Hoc|x86.ActiveCfg = Debug|Any CPU
		{CA7181D6-BC4B-43AC-A9AD-089196165740}.Ad-Hoc|x86.Build.0 = Debug|Any CPU
		{CA7181D6-BC4B-43AC-A9AD-089196165740}.AppStore|Any CPU.ActiveCfg = Debug|Any CPU
		{CA7181D6-BC4B-43AC-A9AD-089196165740}.AppStore|Any CPU.Build.0 = Debug|Any CPU
		{CA7181D6-BC4B-43AC-A9AD-089196165740}.AppStore|ARM.ActiveCfg = Debug|Any CPU
		{CA7181D6-BC4B-43AC-A9AD-089196165740}.AppStore|ARM.Build.0 = Debug|Any CPU
		{CA7181D6-BC4B-43AC-A9AD-089196165740}.AppStore|ARM64.ActiveCfg = Debug|Any CPU
		{CA7181D6-BC4B-43AC-A9AD-089196165740}.AppStore|ARM64.Build.0 = Debug|Any CPU
		{CA7181D6-BC4B-43AC-A9AD-089196165740}.AppStore|iPhone.ActiveCfg = Debug|Any CPU
		{CA7181D6-BC4B-43AC-A9AD-089196165740}.AppStore|iPhone.Build.0 = Debug|Any CPU
		{CA7181D6-BC4B-43AC-A9AD-089196165740}.AppStore|iPhoneSimulator.ActiveCfg = Debug|Any CPU
		{CA7181D6-BC4B-43AC-A9AD-089196165740}.AppStore|iPhoneSimulator.Build.0 = Debug|Any CPU
		{CA7181D6-BC4B-43AC-A9AD-089196165740}.AppStore|x64.ActiveCfg = Debug|Any CPU
		{CA7181D6-BC4B-43AC-A9AD-089196165740}.AppStore|x64.Build.0 = Debug|Any CPU
		{CA7181D6-BC4B-43AC-A9AD-089196165740}.AppStore|x86.ActiveCfg = Debug|Any CPU
		{CA7181D6-BC4B-43AC-A9AD-089196165740}.AppStore|x86.Build.0 = Debug|Any CPU
		{CA7181D6-BC4B-43AC-A9AD-089196165740}.Debug|Any CPU.ActiveCfg = Debug|Any CPU
		{CA7181D6-BC4B-43AC-A9AD-089196165740}.Debug|Any CPU.Build.0 = Debug|Any CPU
		{CA7181D6-BC4B-43AC-A9AD-089196165740}.Debug|ARM.ActiveCfg = Debug|Any CPU
		{CA7181D6-BC4B-43AC-A9AD-089196165740}.Debug|ARM.Build.0 = Debug|Any CPU
		{CA7181D6-BC4B-43AC-A9AD-089196165740}.Debug|ARM64.ActiveCfg = Debug|Any CPU
		{CA7181D6-BC4B-43AC-A9AD-089196165740}.Debug|ARM64.Build.0 = Debug|Any CPU
		{CA7181D6-BC4B-43AC-A9AD-089196165740}.Debug|iPhone.ActiveCfg = Debug|Any CPU
		{CA7181D6-BC4B-43AC-A9AD-089196165740}.Debug|iPhone.Build.0 = Debug|Any CPU
		{CA7181D6-BC4B-43AC-A9AD-089196165740}.Debug|iPhoneSimulator.ActiveCfg = Debug|Any CPU
		{CA7181D6-BC4B-43AC-A9AD-089196165740}.Debug|iPhoneSimulator.Build.0 = Debug|Any CPU
		{CA7181D6-BC4B-43AC-A9AD-089196165740}.Debug|x64.ActiveCfg = Debug|Any CPU
		{CA7181D6-BC4B-43AC-A9AD-089196165740}.Debug|x64.Build.0 = Debug|Any CPU
		{CA7181D6-BC4B-43AC-A9AD-089196165740}.Debug|x86.ActiveCfg = Debug|Any CPU
		{CA7181D6-BC4B-43AC-A9AD-089196165740}.Debug|x86.Build.0 = Debug|Any CPU
		{CA7181D6-BC4B-43AC-A9AD-089196165740}.Release|Any CPU.ActiveCfg = Release|Any CPU
		{CA7181D6-BC4B-43AC-A9AD-089196165740}.Release|Any CPU.Build.0 = Release|Any CPU
		{CA7181D6-BC4B-43AC-A9AD-089196165740}.Release|ARM.ActiveCfg = Release|Any CPU
		{CA7181D6-BC4B-43AC-A9AD-089196165740}.Release|ARM.Build.0 = Release|Any CPU
		{CA7181D6-BC4B-43AC-A9AD-089196165740}.Release|ARM64.ActiveCfg = Release|Any CPU
		{CA7181D6-BC4B-43AC-A9AD-089196165740}.Release|ARM64.Build.0 = Release|Any CPU
		{CA7181D6-BC4B-43AC-A9AD-089196165740}.Release|iPhone.ActiveCfg = Release|Any CPU
		{CA7181D6-BC4B-43AC-A9AD-089196165740}.Release|iPhone.Build.0 = Release|Any CPU
		{CA7181D6-BC4B-43AC-A9AD-089196165740}.Release|iPhoneSimulator.ActiveCfg = Release|Any CPU
		{CA7181D6-BC4B-43AC-A9AD-089196165740}.Release|iPhoneSimulator.Build.0 = Release|Any CPU
		{CA7181D6-BC4B-43AC-A9AD-089196165740}.Release|x64.ActiveCfg = Release|Any CPU
		{CA7181D6-BC4B-43AC-A9AD-089196165740}.Release|x64.Build.0 = Release|Any CPU
		{CA7181D6-BC4B-43AC-A9AD-089196165740}.Release|x86.ActiveCfg = Release|Any CPU
		{CA7181D6-BC4B-43AC-A9AD-089196165740}.Release|x86.Build.0 = Release|Any CPU
		{9E9C5EA3-AB89-440C-8C25-620BC01651A0}.Ad-Hoc|Any CPU.ActiveCfg = Debug|Any CPU
		{9E9C5EA3-AB89-440C-8C25-620BC01651A0}.Ad-Hoc|Any CPU.Build.0 = Debug|Any CPU
		{9E9C5EA3-AB89-440C-8C25-620BC01651A0}.Ad-Hoc|ARM.ActiveCfg = Debug|Any CPU
		{9E9C5EA3-AB89-440C-8C25-620BC01651A0}.Ad-Hoc|ARM.Build.0 = Debug|Any CPU
		{9E9C5EA3-AB89-440C-8C25-620BC01651A0}.Ad-Hoc|ARM64.ActiveCfg = Debug|Any CPU
		{9E9C5EA3-AB89-440C-8C25-620BC01651A0}.Ad-Hoc|ARM64.Build.0 = Debug|Any CPU
		{9E9C5EA3-AB89-440C-8C25-620BC01651A0}.Ad-Hoc|iPhone.ActiveCfg = Debug|Any CPU
		{9E9C5EA3-AB89-440C-8C25-620BC01651A0}.Ad-Hoc|iPhone.Build.0 = Debug|Any CPU
		{9E9C5EA3-AB89-440C-8C25-620BC01651A0}.Ad-Hoc|iPhoneSimulator.ActiveCfg = Debug|Any CPU
		{9E9C5EA3-AB89-440C-8C25-620BC01651A0}.Ad-Hoc|iPhoneSimulator.Build.0 = Debug|Any CPU
		{9E9C5EA3-AB89-440C-8C25-620BC01651A0}.Ad-Hoc|x64.ActiveCfg = Debug|Any CPU
		{9E9C5EA3-AB89-440C-8C25-620BC01651A0}.Ad-Hoc|x64.Build.0 = Debug|Any CPU
		{9E9C5EA3-AB89-440C-8C25-620BC01651A0}.Ad-Hoc|x86.ActiveCfg = Debug|Any CPU
		{9E9C5EA3-AB89-440C-8C25-620BC01651A0}.Ad-Hoc|x86.Build.0 = Debug|Any CPU
		{9E9C5EA3-AB89-440C-8C25-620BC01651A0}.AppStore|Any CPU.ActiveCfg = Debug|Any CPU
		{9E9C5EA3-AB89-440C-8C25-620BC01651A0}.AppStore|Any CPU.Build.0 = Debug|Any CPU
		{9E9C5EA3-AB89-440C-8C25-620BC01651A0}.AppStore|ARM.ActiveCfg = Debug|Any CPU
		{9E9C5EA3-AB89-440C-8C25-620BC01651A0}.AppStore|ARM.Build.0 = Debug|Any CPU
		{9E9C5EA3-AB89-440C-8C25-620BC01651A0}.AppStore|ARM64.ActiveCfg = Debug|Any CPU
		{9E9C5EA3-AB89-440C-8C25-620BC01651A0}.AppStore|ARM64.Build.0 = Debug|Any CPU
		{9E9C5EA3-AB89-440C-8C25-620BC01651A0}.AppStore|iPhone.ActiveCfg = Debug|Any CPU
		{9E9C5EA3-AB89-440C-8C25-620BC01651A0}.AppStore|iPhone.Build.0 = Debug|Any CPU
		{9E9C5EA3-AB89-440C-8C25-620BC01651A0}.AppStore|iPhoneSimulator.ActiveCfg = Debug|Any CPU
		{9E9C5EA3-AB89-440C-8C25-620BC01651A0}.AppStore|iPhoneSimulator.Build.0 = Debug|Any CPU
		{9E9C5EA3-AB89-440C-8C25-620BC01651A0}.AppStore|x64.ActiveCfg = Debug|Any CPU
		{9E9C5EA3-AB89-440C-8C25-620BC01651A0}.AppStore|x64.Build.0 = Debug|Any CPU
		{9E9C5EA3-AB89-440C-8C25-620BC01651A0}.AppStore|x86.ActiveCfg = Debug|Any CPU
		{9E9C5EA3-AB89-440C-8C25-620BC01651A0}.AppStore|x86.Build.0 = Debug|Any CPU
		{9E9C5EA3-AB89-440C-8C25-620BC01651A0}.Debug|Any CPU.ActiveCfg = Debug|Any CPU
		{9E9C5EA3-AB89-440C-8C25-620BC01651A0}.Debug|Any CPU.Build.0 = Debug|Any CPU
		{9E9C5EA3-AB89-440C-8C25-620BC01651A0}.Debug|ARM.ActiveCfg = Debug|Any CPU
		{9E9C5EA3-AB89-440C-8C25-620BC01651A0}.Debug|ARM.Build.0 = Debug|Any CPU
		{9E9C5EA3-AB89-440C-8C25-620BC01651A0}.Debug|ARM64.ActiveCfg = Debug|Any CPU
		{9E9C5EA3-AB89-440C-8C25-620BC01651A0}.Debug|ARM64.Build.0 = Debug|Any CPU
		{9E9C5EA3-AB89-440C-8C25-620BC01651A0}.Debug|iPhone.ActiveCfg = Debug|Any CPU
		{9E9C5EA3-AB89-440C-8C25-620BC01651A0}.Debug|iPhone.Build.0 = Debug|Any CPU
		{9E9C5EA3-AB89-440C-8C25-620BC01651A0}.Debug|iPhoneSimulator.ActiveCfg = Debug|Any CPU
		{9E9C5EA3-AB89-440C-8C25-620BC01651A0}.Debug|iPhoneSimulator.Build.0 = Debug|Any CPU
		{9E9C5EA3-AB89-440C-8C25-620BC01651A0}.Debug|x64.ActiveCfg = Debug|Any CPU
		{9E9C5EA3-AB89-440C-8C25-620BC01651A0}.Debug|x64.Build.0 = Debug|Any CPU
		{9E9C5EA3-AB89-440C-8C25-620BC01651A0}.Debug|x86.ActiveCfg = Debug|Any CPU
		{9E9C5EA3-AB89-440C-8C25-620BC01651A0}.Debug|x86.Build.0 = Debug|Any CPU
		{9E9C5EA3-AB89-440C-8C25-620BC01651A0}.Release|Any CPU.ActiveCfg = Release|Any CPU
		{9E9C5EA3-AB89-440C-8C25-620BC01651A0}.Release|Any CPU.Build.0 = Release|Any CPU
		{9E9C5EA3-AB89-440C-8C25-620BC01651A0}.Release|ARM.ActiveCfg = Release|Any CPU
		{9E9C5EA3-AB89-440C-8C25-620BC01651A0}.Release|ARM.Build.0 = Release|Any CPU
		{9E9C5EA3-AB89-440C-8C25-620BC01651A0}.Release|ARM64.ActiveCfg = Release|Any CPU
		{9E9C5EA3-AB89-440C-8C25-620BC01651A0}.Release|ARM64.Build.0 = Release|Any CPU
		{9E9C5EA3-AB89-440C-8C25-620BC01651A0}.Release|iPhone.ActiveCfg = Release|Any CPU
		{9E9C5EA3-AB89-440C-8C25-620BC01651A0}.Release|iPhone.Build.0 = Release|Any CPU
		{9E9C5EA3-AB89-440C-8C25-620BC01651A0}.Release|iPhoneSimulator.ActiveCfg = Release|Any CPU
		{9E9C5EA3-AB89-440C-8C25-620BC01651A0}.Release|iPhoneSimulator.Build.0 = Release|Any CPU
		{9E9C5EA3-AB89-440C-8C25-620BC01651A0}.Release|x64.ActiveCfg = Release|Any CPU
		{9E9C5EA3-AB89-440C-8C25-620BC01651A0}.Release|x64.Build.0 = Release|Any CPU
		{9E9C5EA3-AB89-440C-8C25-620BC01651A0}.Release|x86.ActiveCfg = Release|Any CPU
		{9E9C5EA3-AB89-440C-8C25-620BC01651A0}.Release|x86.Build.0 = Release|Any CPU
	EndGlobalSection
	GlobalSection(SolutionProperties) = preSolution
		HideSolutionNode = FALSE
	EndGlobalSection
	GlobalSection(NestedProjects) = preSolution
		{06FC2B6F-DEBF-43C9-940F-D54D3092ECEA} = {3CA7D9A8-DC44-434B-8D13-627934EF01A4}
		{A13A0649-0BB7-4B3F-8EF2-6D97F23731FD} = {3CA7D9A8-DC44-434B-8D13-627934EF01A4}
		{8ECDA5CD-EF8B-4262-BDAE-7AFB475F95A3} = {3CA7D9A8-DC44-434B-8D13-627934EF01A4}
		{30E1FA90-B217-4020-88A8-67CF6A521C47} = {3CA7D9A8-DC44-434B-8D13-627934EF01A4}
		{DEFE3B2B-62BF-48D9-A035-BC3B6685C512} = {3CA7D9A8-DC44-434B-8D13-627934EF01A4}
		{F71CAFEC-206C-486A-96FA-97546726EDC4} = {3CA7D9A8-DC44-434B-8D13-627934EF01A4}
		{CA7181D6-BC4B-43AC-A9AD-089196165740} = {3CA7D9A8-DC44-434B-8D13-627934EF01A4}
		{9E9C5EA3-AB89-440C-8C25-620BC01651A0} = {3CA7D9A8-DC44-434B-8D13-627934EF01A4}
	EndGlobalSection
	GlobalSection(ExtensibilityGlobals) = postSolution
		SolutionGuid = {3F46B7C9-9DE1-4E1A-A4D5-788E9D3ACD96}
	EndGlobalSection
EndGlobal
